{
  "object": {
    "pins": [
      {
        "package": "Alamofire",
        "repositoryURL": "https://github.com/Alamofire/Alamofire.git",
        "state": {
          "branch": null,
          "revision": "d120af1e8638c7da36c8481fd61a66c0c08dc4fc",
          "version": "5.4.4"
        }
      },
      {
        "package": "Moya",
        "repositoryURL": "https://github.com/Moya/Moya.git",
        "state": {
          "branch": null,
          "revision": "c263811c1f3dbf002be9bd83107f7cdc38992b26",
          "version": "15.0.3"
        }
      },
      {
        "package": "Nimble",
        "repositoryURL": "https://github.com/Quick/Nimble.git",
        "state": {
          "branch": null,
          "revision": "7a46a5fc86cb917f69e3daf79fcb045283d8f008",
          "version": "8.1.2"
        }
      },
      {
        "package": "Quick",
        "repositoryURL": "https://github.com/Quick/Quick.git",
        "state": {
          "branch": null,
          "revision": "09b3becb37cb2163919a3842a4c5fa6ec7130792",
          "version": "2.2.1"
        }
      },
      {
        "package": "ReactiveSwift",
        "repositoryURL": "https://github.com/ReactiveCocoa/ReactiveSwift.git",
        "state": {
          "branch": null,
          "revision": "b772fa0b624926e6e2f21acbb79297736a05c585",
          "version": "6.1.0"
        }
      },
      {
        "package": "RxSwift",
        "repositoryURL": "https://github.com/ReactiveX/RxSwift.git",
        "state": {
          "branch": null,
          "revision": "b4307ba0b6425c0ba4178e138799946c3da594f8",
          "version": "6.5.0"
        }
      }
    ]
  },
  "version": 1
}
